// !$*UTF8*$!
{
	archiveVersion = 1;
	classes = {
	};
	objectVersion = 50;
	objects = {

/* Begin PBXBuildFile section */
		3A3F12C12381B1D400B46836 /* AppDelegate.swift in Sources */ = {isa = PBXBuildFile; fileRef = 3A3F12C02381B1D400B46836 /* AppDelegate.swift */; };
		3A3F12C32381B1D400B46836 /* SceneDelegate.swift in Sources */ = {isa = PBXBuildFile; fileRef = 3A3F12C22381B1D400B46836 /* SceneDelegate.swift */; };
		3A3F12C52381B1D400B46836 /* BeerListViewController.swift in Sources */ = {isa = PBXBuildFile; fileRef = 3A3F12C42381B1D400B46836 /* BeerListViewController.swift */; };
		3A3F12CA2381B1D600B46836 /* Assets.xcassets in Resources */ = {isa = PBXBuildFile; fileRef = 3A3F12C92381B1D600B46836 /* Assets.xcassets */; };
		3A3F12CD2381B1D600B46836 /* LaunchScreen.storyboard in Resources */ = {isa = PBXBuildFile; fileRef = 3A3F12CB2381B1D600B46836 /* LaunchScreen.storyboard */; };
		3A3F12DC2382159C00B46836 /* Alamofire.framework in Frameworks */ = {isa = PBXBuildFile; fileRef = 3A3F12DB2382159C00B46836 /* Alamofire.framework */; };
		3A3F12E02382159F00B46836 /* Kingfisher.framework in Frameworks */ = {isa = PBXBuildFile; fileRef = 3A3F12DF2382159F00B46836 /* Kingfisher.framework */; };
		3A3F12E3238215A500B46836 /* Moya.framework in Frameworks */ = {isa = PBXBuildFile; fileRef = 3A3F12E2238215A500B46836 /* Moya.framework */; };
		3A3F12E6238215AA00B46836 /* ReactiveMoya.framework in Frameworks */ = {isa = PBXBuildFile; fileRef = 3A3F12E5238215AA00B46836 /* ReactiveMoya.framework */; };
		3A3F12E9238215B200B46836 /* ReactiveSwift.framework in Frameworks */ = {isa = PBXBuildFile; fileRef = 3A3F12E8238215B200B46836 /* ReactiveSwift.framework */; };
		3A3F12EC238215B400B46836 /* Result.framework in Frameworks */ = {isa = PBXBuildFile; fileRef = 3A3F12EB238215B400B46836 /* Result.framework */; };
		3A3F12EF238215B600B46836 /* RxBlocking.framework in Frameworks */ = {isa = PBXBuildFile; fileRef = 3A3F12EE238215B600B46836 /* RxBlocking.framework */; };
		3A3F12F2238215F700B46836 /* RxCocoa.framework in Frameworks */ = {isa = PBXBuildFile; fileRef = 3A3F12F1238215F700B46836 /* RxCocoa.framework */; };
		3A3F12F5238215F900B46836 /* RxMoya.framework in Frameworks */ = {isa = PBXBuildFile; fileRef = 3A3F12F4238215F900B46836 /* RxMoya.framework */; };
		3A3F12F8238215FE00B46836 /* RxSwift.framework in Frameworks */ = {isa = PBXBuildFile; fileRef = 3A3F12F7238215FE00B46836 /* RxSwift.framework */; };
		3A3F12FB238215FF00B46836 /* RxRelay.framework in Frameworks */ = {isa = PBXBuildFile; fileRef = 3A3F12FA238215FF00B46836 /* RxRelay.framework */; };
		3A3F12FE23821BFC00B46836 /* BeerListAdapter.swift in Sources */ = {isa = PBXBuildFile; fileRef = 3A3F12FD23821BFC00B46836 /* BeerListAdapter.swift */; };
		3A3F130223821DB600B46836 /* Extensions.swift in Sources */ = {isa = PBXBuildFile; fileRef = 3A3F130123821DB600B46836 /* Extensions.swift */; };
		3A3F130623821F0000B46836 /* BeerTableViewCell.swift in Sources */ = {isa = PBXBuildFile; fileRef = 3A3F130423821F0000B46836 /* BeerTableViewCell.swift */; };
		3A3F130723821F0000B46836 /* BeerTableViewCell.xib in Resources */ = {isa = PBXBuildFile; fileRef = 3A3F130523821F0000B46836 /* BeerTableViewCell.xib */; };
		3A3F1309238222E700B46836 /* Beer.swift in Sources */ = {isa = PBXBuildFile; fileRef = 3A3F1308238222E700B46836 /* Beer.swift */; };
		3A3F130B238225BF00B46836 /* BeerListPresenter.swift in Sources */ = {isa = PBXBuildFile; fileRef = 3A3F130A238225BF00B46836 /* BeerListPresenter.swift */; };
		3A3F130E2382302400B46836 /* BeerDetailViewController.swift in Sources */ = {isa = PBXBuildFile; fileRef = 3A3F130C2382302400B46836 /* BeerDetailViewController.swift */; };
		3A3F130F2382302400B46836 /* BeerDetailViewController.xib in Resources */ = {isa = PBXBuildFile; fileRef = 3A3F130D2382302400B46836 /* BeerDetailViewController.xib */; };
		3A3F131123832F9600B46836 /* BeerRepository.swift in Sources */ = {isa = PBXBuildFile; fileRef = 3A3F131023832F9600B46836 /* BeerRepository.swift */; };
		3A3F13132383313300B46836 /* BeerListConfigurator.swift in Sources */ = {isa = PBXBuildFile; fileRef = 3A3F13122383313300B46836 /* BeerListConfigurator.swift */; };
		3A3F1315238331AD00B46836 /* BeerDetailConfigurator.swift in Sources */ = {isa = PBXBuildFile; fileRef = 3A3F1314238331AD00B46836 /* BeerDetailConfigurator.swift */; };
		3A3F1317238331E700B46836 /* BeerDetailPresenter.swift in Sources */ = {isa = PBXBuildFile; fileRef = 3A3F1316238331E700B46836 /* BeerDetailPresenter.swift */; };
		3A3F13192383384C00B46836 /* BeerProvider.swift in Sources */ = {isa = PBXBuildFile; fileRef = 3A3F13182383384C00B46836 /* BeerProvider.swift */; };
/* End PBXBuildFile section */

/* Begin PBXFileReference section */
		3A3F12BD2381B1D400B46836 /* BeerApp.app */ = {isa = PBXFileReference; explicitFileType = wrapper.application; includeInIndex = 0; path = BeerApp.app; sourceTree = BUILT_PRODUCTS_DIR; };
		3A3F12C02381B1D400B46836 /* AppDelegate.swift */ = {isa = PBXFileReference; lastKnownFileType = sourcecode.swift; path = AppDelegate.swift; sourceTree = "<group>"; };
		3A3F12C22381B1D400B46836 /* SceneDelegate.swift */ = {isa = PBXFileReference; lastKnownFileType = sourcecode.swift; path = SceneDelegate.swift; sourceTree = "<group>"; };
		3A3F12C42381B1D400B46836 /* BeerListViewController.swift */ = {isa = PBXFileReference; lastKnownFileType = sourcecode.swift; path = BeerListViewController.swift; sourceTree = "<group>"; };
		3A3F12C92381B1D600B46836 /* Assets.xcassets */ = {isa = PBXFileReference; lastKnownFileType = folder.assetcatalog; path = Assets.xcassets; sourceTree = "<group>"; };
		3A3F12CC2381B1D600B46836 /* Base */ = {isa = PBXFileReference; lastKnownFileType = file.storyboard; name = Base; path = Base.lproj/LaunchScreen.storyboard; sourceTree = "<group>"; };
		3A3F12CE2381B1D600B46836 /* Info.plist */ = {isa = PBXFileReference; lastKnownFileType = text.plist.xml; path = Info.plist; sourceTree = "<group>"; };
		3A3F12DB2382159C00B46836 /* Alamofire.framework */ = {isa = PBXFileReference; lastKnownFileType = wrapper.framework; name = Alamofire.framework; path = Carthage/Build/iOS/Alamofire.framework; sourceTree = "<group>"; };
		3A3F12DF2382159F00B46836 /* Kingfisher.framework */ = {isa = PBXFileReference; lastKnownFileType = wrapper.framework; name = Kingfisher.framework; path = Carthage/Build/iOS/Kingfisher.framework; sourceTree = "<group>"; };
		3A3F12E2238215A500B46836 /* Moya.framework */ = {isa = PBXFileReference; lastKnownFileType = wrapper.framework; name = Moya.framework; path = Carthage/Build/iOS/Moya.framework; sourceTree = "<group>"; };
		3A3F12E5238215AA00B46836 /* ReactiveMoya.framework */ = {isa = PBXFileReference; lastKnownFileType = wrapper.framework; name = ReactiveMoya.framework; path = Carthage/Build/iOS/ReactiveMoya.framework; sourceTree = "<group>"; };
		3A3F12E8238215B200B46836 /* ReactiveSwift.framework */ = {isa = PBXFileReference; lastKnownFileType = wrapper.framework; name = ReactiveSwift.framework; path = Carthage/Build/iOS/ReactiveSwift.framework; sourceTree = "<group>"; };
		3A3F12EB238215B400B46836 /* Result.framework */ = {isa = PBXFileReference; lastKnownFileType = wrapper.framework; name = Result.framework; path = Carthage/Build/iOS/Result.framework; sourceTree = "<group>"; };
		3A3F12EE238215B600B46836 /* RxBlocking.framework */ = {isa = PBXFileReference; lastKnownFileType = wrapper.framework; name = RxBlocking.framework; path = Carthage/Build/iOS/RxBlocking.framework; sourceTree = "<group>"; };
		3A3F12F1238215F700B46836 /* RxCocoa.framework */ = {isa = PBXFileReference; lastKnownFileType = wrapper.framework; name = RxCocoa.framework; path = Carthage/Build/iOS/RxCocoa.framework; sourceTree = "<group>"; };
		3A3F12F4238215F900B46836 /* RxMoya.framework */ = {isa = PBXFileReference; lastKnownFileType = wrapper.framework; name = RxMoya.framework; path = Carthage/Build/iOS/RxMoya.framework; sourceTree = "<group>"; };
		3A3F12F7238215FE00B46836 /* RxSwift.framework */ = {isa = PBXFileReference; lastKnownFileType = wrapper.framework; name = RxSwift.framework; path = Carthage/Build/iOS/RxSwift.framework; sourceTree = "<group>"; };
		3A3F12FA238215FF00B46836 /* RxRelay.framework */ = {isa = PBXFileReference; lastKnownFileType = wrapper.framework; name = RxRelay.framework; path = Carthage/Build/iOS/RxRelay.framework; sourceTree = "<group>"; };
		3A3F12FD23821BFC00B46836 /* BeerListAdapter.swift */ = {isa = PBXFileReference; lastKnownFileType = sourcecode.swift; path = BeerListAdapter.swift; sourceTree = "<group>"; };
		3A3F130123821DB600B46836 /* Extensions.swift */ = {isa = PBXFileReference; lastKnownFileType = sourcecode.swift; path = Extensions.swift; sourceTree = "<group>"; };
		3A3F130423821F0000B46836 /* BeerTableViewCell.swift */ = {isa = PBXFileReference; lastKnownFileType = sourcecode.swift; path = BeerTableViewCell.swift; sourceTree = "<group>"; };
		3A3F130523821F0000B46836 /* BeerTableViewCell.xib */ = {isa = PBXFileReference; lastKnownFileType = file.xib; path = BeerTableViewCell.xib; sourceTree = "<group>"; };
		3A3F1308238222E700B46836 /* Beer.swift */ = {isa = PBXFileReference; lastKnownFileType = sourcecode.swift; path = Beer.swift; sourceTree = "<group>"; };
		3A3F130A238225BF00B46836 /* BeerListPresenter.swift */ = {isa = PBXFileReference; lastKnownFileType = sourcecode.swift; path = BeerListPresenter.swift; sourceTree = "<group>"; };
		3A3F130C2382302400B46836 /* BeerDetailViewController.swift */ = {isa = PBXFileReference; lastKnownFileType = sourcecode.swift; path = BeerDetailViewController.swift; sourceTree = "<group>"; };
		3A3F130D2382302400B46836 /* BeerDetailViewController.xib */ = {isa = PBXFileReference; lastKnownFileType = file.xib; path = BeerDetailViewController.xib; sourceTree = "<group>"; };
		3A3F131023832F9600B46836 /* BeerRepository.swift */ = {isa = PBXFileReference; lastKnownFileType = sourcecode.swift; path = BeerRepository.swift; sourceTree = "<group>"; };
		3A3F13122383313300B46836 /* BeerListConfigurator.swift */ = {isa = PBXFileReference; lastKnownFileType = sourcecode.swift; path = BeerListConfigurator.swift; sourceTree = "<group>"; };
		3A3F1314238331AD00B46836 /* BeerDetailConfigurator.swift */ = {isa = PBXFileReference; lastKnownFileType = sourcecode.swift; path = BeerDetailConfigurator.swift; sourceTree = "<group>"; };
		3A3F1316238331E700B46836 /* BeerDetailPresenter.swift */ = {isa = PBXFileReference; lastKnownFileType = sourcecode.swift; path = BeerDetailPresenter.swift; sourceTree = "<group>"; };
		3A3F13182383384C00B46836 /* BeerProvider.swift */ = {isa = PBXFileReference; lastKnownFileType = sourcecode.swift; path = BeerProvider.swift; sourceTree = "<group>"; };
/* End PBXFileReference section */

/* Begin PBXFrameworksBuildPhase section */
		3A3F12BA2381B1D400B46836 /* Frameworks */ = {
			isa = PBXFrameworksBuildPhase;
			buildActionMask = 2147483647;
			files = (
				3A3F12F8238215FE00B46836 /* RxSwift.framework in Frameworks */,
				3A3F12EF238215B600B46836 /* RxBlocking.framework in Frameworks */,
				3A3F12E02382159F00B46836 /* Kingfisher.framework in Frameworks */,
				3A3F12E3238215A500B46836 /* Moya.framework in Frameworks */,
				3A3F12E9238215B200B46836 /* ReactiveSwift.framework in Frameworks */,
				3A3F12F2238215F700B46836 /* RxCocoa.framework in Frameworks */,
				3A3F12F5238215F900B46836 /* RxMoya.framework in Frameworks */,
				3A3F12EC238215B400B46836 /* Result.framework in Frameworks */,
				3A3F12DC2382159C00B46836 /* Alamofire.framework in Frameworks */,
				3A3F12E6238215AA00B46836 /* ReactiveMoya.framework in Frameworks */,
				3A3F12FB238215FF00B46836 /* RxRelay.framework in Frameworks */,
			);
			runOnlyForDeploymentPostprocessing = 0;
		};
/* End PBXFrameworksBuildPhase section */

/* Begin PBXGroup section */
		3A3F12B42381B1D400B46836 = {
			isa = PBXGroup;
			children = (
				3A3F12BF2381B1D400B46836 /* BeerApp */,
				3A3F12BE2381B1D400B46836 /* Products */,
				3A3F12DA2382159C00B46836 /* Frameworks */,
			);
			sourceTree = "<group>";
		};
		3A3F12BE2381B1D400B46836 /* Products */ = {
			isa = PBXGroup;
			children = (
				3A3F12BD2381B1D400B46836 /* BeerApp.app */,
			);
			name = Products;
			sourceTree = "<group>";
		};
		3A3F12BF2381B1D400B46836 /* BeerApp */ = {
			isa = PBXGroup;
			children = (
				3A3F12FF23821D8C00B46836 /* Presentation */,
				3A3F12D82381BF3100B46836 /* Model */,
				3A3F12D72381BF2600B46836 /* Data */,
				3A3F12C02381B1D400B46836 /* AppDelegate.swift */,
				3A3F12C22381B1D400B46836 /* SceneDelegate.swift */,
				3A3F12C92381B1D600B46836 /* Assets.xcassets */,
				3A3F12CB2381B1D600B46836 /* LaunchScreen.storyboard */,
				3A3F12CE2381B1D600B46836 /* Info.plist */,
			);
			path = BeerApp;
			sourceTree = "<group>";
		};
		3A3F12D42381BE7500B46836 /* Scenes */ = {
			isa = PBXGroup;
			children = (
				3A3F12D62381BE8E00B46836 /* Beer Detail */,
				3A3F12D52381BE7E00B46836 /* Beer List */,
			);
			path = Scenes;
			sourceTree = "<group>";
		};
		3A3F12D52381BE7E00B46836 /* Beer List */ = {
			isa = PBXGroup;
			children = (
				3A3F130323821ECA00B46836 /* BeerCell */,
				3A3F130A238225BF00B46836 /* BeerListPresenter.swift */,
				3A3F12C42381B1D400B46836 /* BeerListViewController.swift */,
				3A3F12FD23821BFC00B46836 /* BeerListAdapter.swift */,
				3A3F13122383313300B46836 /* BeerListConfigurator.swift */,
			);
			path = "Beer List";
			sourceTree = "<group>";
		};
		3A3F12D62381BE8E00B46836 /* Beer Detail */ = {
			isa = PBXGroup;
			children = (
				3A3F130C2382302400B46836 /* BeerDetailViewController.swift */,
				3A3F130D2382302400B46836 /* BeerDetailViewController.xib */,
				3A3F1314238331AD00B46836 /* BeerDetailConfigurator.swift */,
				3A3F1316238331E700B46836 /* BeerDetailPresenter.swift */,
			);
			path = "Beer Detail";
			sourceTree = "<group>";
		};
		3A3F12D72381BF2600B46836 /* Data */ = {
			isa = PBXGroup;
			children = (
				3A3F131023832F9600B46836 /* BeerRepository.swift */,
				3A3F13182383384C00B46836 /* BeerProvider.swift */,
			);
			path = Data;
			sourceTree = "<group>";
		};
		3A3F12D82381BF3100B46836 /* Model */ = {
			isa = PBXGroup;
			children = (
				3A3F1308238222E700B46836 /* Beer.swift */,
			);
			path = Model;
			sourceTree = "<group>";
		};
		3A3F12DA2382159C00B46836 /* Frameworks */ = {
			isa = PBXGroup;
			children = (
				3A3F12FA238215FF00B46836 /* RxRelay.framework */,
				3A3F12F7238215FE00B46836 /* RxSwift.framework */,
				3A3F12F4238215F900B46836 /* RxMoya.framework */,
				3A3F12F1238215F700B46836 /* RxCocoa.framework */,
				3A3F12EE238215B600B46836 /* RxBlocking.framework */,
				3A3F12EB238215B400B46836 /* Result.framework */,
				3A3F12E8238215B200B46836 /* ReactiveSwift.framework */,
				3A3F12E5238215AA00B46836 /* ReactiveMoya.framework */,
				3A3F12E2238215A500B46836 /* Moya.framework */,
				3A3F12DF2382159F00B46836 /* Kingfisher.framework */,
				3A3F12DB2382159C00B46836 /* Alamofire.framework */,
			);
			name = Frameworks;
			sourceTree = "<group>";
		};
		3A3F12FF23821D8C00B46836 /* Presentation */ = {
			isa = PBXGroup;
			children = (
				3A3F130023821D9E00B46836 /* Common */,
				3A3F12D42381BE7500B46836 /* Scenes */,
			);
			path = Presentation;
			sourceTree = "<group>";
		};
		3A3F130023821D9E00B46836 /* Common */ = {
			isa = PBXGroup;
			children = (
				3A3F130123821DB600B46836 /* Extensions.swift */,
			);
			path = Common;
			sourceTree = "<group>";
		};
		3A3F130323821ECA00B46836 /* BeerCell */ = {
			isa = PBXGroup;
			children = (
				3A3F130423821F0000B46836 /* BeerTableViewCell.swift */,
				3A3F130523821F0000B46836 /* BeerTableViewCell.xib */,
			);
			path = BeerCell;
			sourceTree = "<group>";
		};
/* End PBXGroup section */

/* Begin PBXNativeTarget section */
		3A3F12BC2381B1D400B46836 /* BeerApp */ = {
			isa = PBXNativeTarget;
			buildConfigurationList = 3A3F12D12381B1D600B46836 /* Build configuration list for PBXNativeTarget "BeerApp" */;
			buildPhases = (
				3A3F12B92381B1D400B46836 /* Sources */,
				3A3F12BA2381B1D400B46836 /* Frameworks */,
				3A3F12BB2381B1D400B46836 /* Resources */,
				3A3F12D92382154E00B46836 /* Run Script Carthage */,
			);
			buildRules = (
			);
			dependencies = (
			);
			name = BeerApp;
			productName = BeerApp;
			productReference = 3A3F12BD2381B1D400B46836 /* BeerApp.app */;
			productType = "com.apple.product-type.application";
		};
/* End PBXNativeTarget section */

/* Begin PBXProject section */
		3A3F12B52381B1D400B46836 /* Project object */ = {
			isa = PBXProject;
			attributes = {
				LastSwiftUpdateCheck = 1120;
				LastUpgradeCheck = 1120;
				ORGANIZATIONNAME = "Henrique Lima";
				TargetAttributes = {
					3A3F12BC2381B1D400B46836 = {
						CreatedOnToolsVersion = 11.2.1;
					};
				};
			};
			buildConfigurationList = 3A3F12B82381B1D400B46836 /* Build configuration list for PBXProject "BeerApp" */;
			compatibilityVersion = "Xcode 9.3";
			developmentRegion = en;
			hasScannedForEncodings = 0;
			knownRegions = (
				en,
				Base,
			);
			mainGroup = 3A3F12B42381B1D400B46836;
			productRefGroup = 3A3F12BE2381B1D400B46836 /* Products */;
			projectDirPath = "";
			projectRoot = "";
			targets = (
				3A3F12BC2381B1D400B46836 /* BeerApp */,
			);
		};
/* End PBXProject section */

/* Begin PBXResourcesBuildPhase section */
		3A3F12BB2381B1D400B46836 /* Resources */ = {
			isa = PBXResourcesBuildPhase;
			buildActionMask = 2147483647;
			files = (
				3A3F130723821F0000B46836 /* BeerTableViewCell.xib in Resources */,
				3A3F130F2382302400B46836 /* BeerDetailViewController.xib in Resources */,
				3A3F12CD2381B1D600B46836 /* LaunchScreen.storyboard in Resources */,
				3A3F12CA2381B1D600B46836 /* Assets.xcassets in Resources */,
			);
			runOnlyForDeploymentPostprocessing = 0;
		};
/* End PBXResourcesBuildPhase section */

/* Begin PBXShellScriptBuildPhase section */
		3A3F12D92382154E00B46836 /* Run Script Carthage */ = {
			isa = PBXShellScriptBuildPhase;
			buildActionMask = 2147483647;
			files = (
			);
			inputFileListPaths = (
			);
			inputPaths = (
				"$(SRCROOT)/Carthage/Build/iOS/Alamofire.framework",
				"$(SRCROOT)/Carthage/Build/iOS/Kingfisher.framework",
				"$(SRCROOT)/Carthage/Build/iOS/Moya.framework",
				"$(SRCROOT)/Carthage/Build/iOS/ReactiveMoya.framework",
				"$(SRCROOT)/Carthage/Build/iOS/Result.framework",
				"$(SRCROOT)/Carthage/Build/iOS/RxBlocking.framework",
				"$(SRCROOT)/Carthage/Build/iOS/RxCocoa.framework",
				"$(SRCROOT)/Carthage/Build/iOS/RxMoya.framework",
				"$(SRCROOT)/Carthage/Build/iOS/RxRelay.framework",
				"$(SRCROOT)/Carthage/Build/iOS/RxSwift.framework",
				"$(SRCROOT)/Carthage/Build/iOS/ReactiveSwift.framework",
			);
			name = "Run Script Carthage";
			outputFileListPaths = (
			);
			outputPaths = (
			);
			runOnlyForDeploymentPostprocessing = 0;
			shellPath = /bin/sh;
			shellScript = "/usr/local/bin/carthage copy-frameworks\n";
		};
/* End PBXShellScriptBuildPhase section */

/* Begin PBXSourcesBuildPhase section */
		3A3F12B92381B1D400B46836 /* Sources */ = {
			isa = PBXSourcesBuildPhase;
			buildActionMask = 2147483647;
			files = (
				3A3F130223821DB600B46836 /* Extensions.swift in Sources */,
				3A3F130623821F0000B46836 /* BeerTableViewCell.swift in Sources */,
				3A3F13132383313300B46836 /* BeerListConfigurator.swift in Sources */,
				3A3F12C52381B1D400B46836 /* BeerListViewController.swift in Sources */,
				3A3F12C12381B1D400B46836 /* AppDelegate.swift in Sources */,
				3A3F130B238225BF00B46836 /* BeerListPresenter.swift in Sources */,
				3A3F1317238331E700B46836 /* BeerDetailPresenter.swift in Sources */,
				3A3F12C32381B1D400B46836 /* SceneDelegate.swift in Sources */,
				3A3F13192383384C00B46836 /* BeerProvider.swift in Sources */,
				3A3F1315238331AD00B46836 /* BeerDetailConfigurator.swift in Sources */,
				3A3F1309238222E700B46836 /* Beer.swift in Sources */,
				3A3F130E2382302400B46836 /* BeerDetailViewController.swift in Sources */,
				3A3F12FE23821BFC00B46836 /* BeerListAdapter.swift in Sources */,
				3A3F131123832F9600B46836 /* BeerRepository.swift in Sources */,
			);
			runOnlyForDeploymentPostprocessing = 0;
		};
/* End PBXSourcesBuildPhase section */

/* Begin PBXVariantGroup section */
		3A3F12CB2381B1D600B46836 /* LaunchScreen.storyboard */ = {
			isa = PBXVariantGroup;
			children = (
				3A3F12CC2381B1D600B46836 /* Base */,
			);
			name = LaunchScreen.storyboard;
			sourceTree = "<group>";
		};
/* End PBXVariantGroup section */

/* Begin XCBuildConfiguration section */
		3A3F12CF2381B1D600B46836 /* Debug */ = {
			isa = XCBuildConfiguration;
			buildSettings = {
				ALWAYS_SEARCH_USER_PATHS = NO;
				CLANG_ANALYZER_NONNULL = YES;
				CLANG_ANALYZER_NUMBER_OBJECT_CONVERSION = YES_AGGRESSIVE;
				CLANG_CXX_LANGUAGE_STANDARD = "gnu++14";
				CLANG_CXX_LIBRARY = "libc++";
				CLANG_ENABLE_MODULES = YES;
				CLANG_ENABLE_OBJC_ARC = YES;
				CLANG_ENABLE_OBJC_WEAK = YES;
				CLANG_WARN_BLOCK_CAPTURE_AUTORELEASING = YES;
				CLANG_WARN_BOOL_CONVERSION = YES;
				CLANG_WARN_COMMA = YES;
				CLANG_WARN_CONSTANT_CONVERSION = YES;
				CLANG_WARN_DEPRECATED_OBJC_IMPLEMENTATIONS = YES;
				CLANG_WARN_DIRECT_OBJC_ISA_USAGE = YES_ERROR;
				CLANG_WARN_DOCUMENTATION_COMMENTS = YES;
				CLANG_WARN_EMPTY_BODY = YES;
				CLANG_WARN_ENUM_CONVERSION = YES;
				CLANG_WARN_INFINITE_RECURSION = YES;
				CLANG_WARN_INT_CONVERSION = YES;
				CLANG_WARN_NON_LITERAL_NULL_CONVERSION = YES;
				CLANG_WARN_OBJC_IMPLICIT_RETAIN_SELF = YES;
				CLANG_WARN_OBJC_LITERAL_CONVERSION = YES;
				CLANG_WARN_OBJC_ROOT_CLASS = YES_ERROR;
				CLANG_WARN_RANGE_LOOP_ANALYSIS = YES;
				CLANG_WARN_STRICT_PROTOTYPES = YES;
				CLANG_WARN_SUSPICIOUS_MOVE = YES;
				CLANG_WARN_UNGUARDED_AVAILABILITY = YES_AGGRESSIVE;
				CLANG_WARN_UNREACHABLE_CODE = YES;
				CLANG_WARN__DUPLICATE_METHOD_MATCH = YES;
				COPY_PHASE_STRIP = NO;
				DEBUG_INFORMATION_FORMAT = dwarf;
				ENABLE_STRICT_OBJC_MSGSEND = YES;
				ENABLE_TESTABILITY = YES;
				GCC_C_LANGUAGE_STANDARD = gnu11;
				GCC_DYNAMIC_NO_PIC = NO;
				GCC_NO_COMMON_BLOCKS = YES;
				GCC_OPTIMIZATION_LEVEL = 0;
				GCC_PREPROCESSOR_DEFINITIONS = (
					"DEBUG=1",
					"$(inherited)",
				);
				GCC_WARN_64_TO_32_BIT_CONVERSION = YES;
				GCC_WARN_ABOUT_RETURN_TYPE = YES_ERROR;
				GCC_WARN_UNDECLARED_SELECTOR = YES;
				GCC_WARN_UNINITIALIZED_AUTOS = YES_AGGRESSIVE;
				GCC_WARN_UNUSED_FUNCTION = YES;
				GCC_WARN_UNUSED_VARIABLE = YES;
				IPHONEOS_DEPLOYMENT_TARGET = 13.2;
				MTL_ENABLE_DEBUG_INFO = INCLUDE_SOURCE;
				MTL_FAST_MATH = YES;
				ONLY_ACTIVE_ARCH = YES;
				SDKROOT = iphoneos;
				SWIFT_ACTIVE_COMPILATION_CONDITIONS = DEBUG;
				SWIFT_OPTIMIZATION_LEVEL = "-Onone";
			};
			name = Debug;
		};
		3A3F12D02381B1D600B46836 /* Release */ = {
			isa = XCBuildConfiguration;
			buildSettings = {
				ALWAYS_SEARCH_USER_PATHS = NO;
				CLANG_ANALYZER_NONNULL = YES;
				CLANG_ANALYZER_NUMBER_OBJECT_CONVERSION = YES_AGGRESSIVE;
				CLANG_CXX_LANGUAGE_STANDARD = "gnu++14";
				CLANG_CXX_LIBRARY = "libc++";
				CLANG_ENABLE_MODULES = YES;
				CLANG_ENABLE_OBJC_ARC = YES;
				CLANG_ENABLE_OBJC_WEAK = YES;
				CLANG_WARN_BLOCK_CAPTURE_AUTORELEASING = YES;
				CLANG_WARN_BOOL_CONVERSION = YES;
				CLANG_WARN_COMMA = YES;
				CLANG_WARN_CONSTANT_CONVERSION = YES;
				CLANG_WARN_DEPRECATED_OBJC_IMPLEMENTATIONS = YES;
				CLANG_WARN_DIRECT_OBJC_ISA_USAGE = YES_ERROR;
				CLANG_WARN_DOCUMENTATION_COMMENTS = YES;
				CLANG_WARN_EMPTY_BODY = YES;
				CLANG_WARN_ENUM_CONVERSION = YES;
				CLANG_WARN_INFINITE_RECURSION = YES;
				CLANG_WARN_INT_CONVERSION = YES;
				CLANG_WARN_NON_LITERAL_NULL_CONVERSION = YES;
				CLANG_WARN_OBJC_IMPLICIT_RETAIN_SELF = YES;
				CLANG_WARN_OBJC_LITERAL_CONVERSION = YES;
				CLANG_WARN_OBJC_ROOT_CLASS = YES_ERROR;
				CLANG_WARN_RANGE_LOOP_ANALYSIS = YES;
				CLANG_WARN_STRICT_PROTOTYPES = YES;
				CLANG_WARN_SUSPICIOUS_MOVE = YES;
				CLANG_WARN_UNGUARDED_AVAILABILITY = YES_AGGRESSIVE;
				CLANG_WARN_UNREACHABLE_CODE = YES;
				CLANG_WARN__DUPLICATE_METHOD_MATCH = YES;
				COPY_PHASE_STRIP = NO;
				DEBUG_INFORMATION_FORMAT = "dwarf-with-dsym";
				ENABLE_NS_ASSERTIONS = NO;
				ENABLE_STRICT_OBJC_MSGSEND = YES;
				GCC_C_LANGUAGE_STANDARD = gnu11;
				GCC_NO_COMMON_BLOCKS = YES;
				GCC_WARN_64_TO_32_BIT_CONVERSION = YES;
				GCC_WARN_ABOUT_RETURN_TYPE = YES_ERROR;
				GCC_WARN_UNDECLARED_SELECTOR = YES;
				GCC_WARN_UNINITIALIZED_AUTOS = YES_AGGRESSIVE;
				GCC_WARN_UNUSED_FUNCTION = YES;
				GCC_WARN_UNUSED_VARIABLE = YES;
				IPHONEOS_DEPLOYMENT_TARGET = 13.2;
				MTL_ENABLE_DEBUG_INFO = NO;
				MTL_FAST_MATH = YES;
				SDKROOT = iphoneos;
				SWIFT_COMPILATION_MODE = wholemodule;
				SWIFT_OPTIMIZATION_LEVEL = "-O";
				VALIDATE_PRODUCT = YES;
			};
			name = Release;
		};
		3A3F12D22381B1D600B46836 /* Debug */ = {
			isa = XCBuildConfiguration;
			buildSettings = {
				ASSETCATALOG_COMPILER_APPICON_NAME = AppIcon;
				CODE_SIGN_STYLE = Automatic;
				DEVELOPMENT_TEAM = 78P3GTBB46;
				FRAMEWORK_SEARCH_PATHS = (
					"$(inherited)",
					"$(PROJECT_DIR)/Carthage/Build/iOS",
				);
				INFOPLIST_FILE = BeerApp/Info.plist;
				LD_RUNPATH_SEARCH_PATHS = (
					"$(inherited)",
					"@executable_path/Frameworks",
				);
				PRODUCT_BUNDLE_IDENTIFIER = garotow.BeerApp;
				PRODUCT_NAME = "$(TARGET_NAME)";
				SWIFT_VERSION = 5.0;
				TARGETED_DEVICE_FAMILY = "1,2";
			};
			name = Debug;
		};
		3A3F12D32381B1D600B46836 /* Release */ = {
			isa = XCBuildConfiguration;
			buildSettings = {
				ASSETCATALOG_COMPILER_APPICON_NAME = AppIcon;
				CODE_SIGN_STYLE = Automatic;
				DEVELOPMENT_TEAM = 78P3GTBB46;
				FRAMEWORK_SEARCH_PATHS = (
					"$(inherited)",
					"$(PROJECT_DIR)/Carthage/Build/iOS",
				);
				INFOPLIST_FILE = BeerApp/Info.plist;
				LD_RUNPATH_SEARCH_PATHS = (
					"$(inherited)",
					"@executable_path/Frameworks",
				);
				PRODUCT_BUNDLE_IDENTIFIER = garotow.BeerApp;
				PRODUCT_NAME = "$(TARGET_NAME)";
				SWIFT_VERSION = 5.0;
				TARGETED_DEVICE_FAMILY = "1,2";
			};
			name = Release;
		};
/* End XCBuildConfiguration section */

/* Begin XCConfigurationList section */
		3A3F12B82381B1D400B46836 /* Build configuration list for PBXProject "BeerApp" */ = {
			isa = XCConfigurationList;
			buildConfigurations = (
				3A3F12CF2381B1D600B46836 /* Debug */,
				3A3F12D02381B1D600B46836 /* Release */,
			);
			defaultConfigurationIsVisible = 0;
			defaultConfigurationName = Release;
		};
		3A3F12D12381B1D600B46836 /* Build configuration list for PBXNativeTarget "BeerApp" */ = {
			isa = XCConfigurationList;
			buildConfigurations = (
				3A3F12D22381B1D600B46836 /* Debug */,
				3A3F12D32381B1D600B46836 /* Release */,
			);
			defaultConfigurationIsVisible = 0;
			defaultConfigurationName = Release;
		};
/* End XCConfigurationList section */
	};
	rootObject = 3A3F12B52381B1D400B46836 /* Project object */;
}
